dependencies:
- name: postgresql
  repository: https://charts.bitnami.com/bitnami
  version: 10.16.2
- name: redis
  repository: https://charts.bitnami.com/bitnami
  version: 16.5.5
digest: sha256:cebbca793765516e4e9fe9201a6c0712eba81bb169ddb63716ed04247acbe4e8
generated: "2022-03-22T19:15:18.382644102+03:00"
