dependencies:
- name: postgresql
  repository: https://charts.bitnami.com/bitnami
  version: 10.16.2
- name: redis
  repository: https://charts.bitnami.com/bitnami
  version: 16.5.5
digest: sha256:69cad372e2f4f526082bc9a826743cb2b0d1484d17dff8bde4ad03d898bae142
generated: "2022-03-22T21:29:45.273901053+03:00"
